
Microsoft Visual Studio Solution File, Format Version 12.00
Project("{FAE04EC0-301F-11D3-BF4B-00C04F79EFBC}") = "mvc-api", "mvc-api.csproj", "{6C329FC2-F1D3-4435-8CC0-C0E24D6E742F}"
EndProject
Global
	GlobalSection(SolutionConfigurationPlatforms) = preSolution
		Debug|Any CPU = Debug|Any CPU
		Release|Any CPU = Release|Any CPU
	EndGlobalSection
	GlobalSection(ProjectConfigurationPlatforms) = postSolution
		{6C329FC2-F1D3-4435-8CC0-C0E24D6E742F}.Debug|Any CPU.ActiveCfg = Debug|Any CPU
		{6C329FC2-F1D3-4435-8CC0-C0E24D6E742F}.Debug|Any CPU.Build.0 = Debug|Any CPU
		{6C329FC2-F1D3-4435-8CC0-C0E24D6E742F}.Release|Any CPU.ActiveCfg = Release|Any CPU
		{6C329FC2-F1D3-4435-8CC0-C0E24D6E742F}.Release|Any CPU.Build.0 = Release|Any CPU
	EndGlobalSection
EndGlobal
